
Microsoft Visual Studio Solution File, Format Version 12.00
# Visual Studio Version 16
VisualStudioVersion = 16.0.29209.62
MinimumVisualStudioVersion = 10.0.40219.1
Project("{FAE04EC0-301F-11D3-BF4B-00C04F79EFBC}") = "SalesWeb-MVC", "SalesWeb-MVC\SalesWeb-MVC.csproj", "{F2808439-B0C9-4F61-8CF1-68ABFB594231}"
EndProject
Global
	GlobalSection(SolutionConfigurationPlatforms) = preSolution
		Debug|Any CPU = Debug|Any CPU
		Release|Any CPU = Release|Any CPU
	EndGlobalSection
	GlobalSection(ProjectConfigurationPlatforms) = postSolution
		{F2808439-B0C9-4F61-8CF1-68ABFB594231}.Debug|Any CPU.ActiveCfg = Debug|Any CPU
		{F2808439-B0C9-4F61-8CF1-68ABFB594231}.Debug|Any CPU.Build.0 = Debug|Any CPU
		{F2808439-B0C9-4F61-8CF1-68ABFB594231}.Release|Any CPU.ActiveCfg = Release|Any CPU
		{F2808439-B0C9-4F61-8CF1-68ABFB594231}.Release|Any CPU.Build.0 = Release|Any CPU
	EndGlobalSection
	GlobalSection(SolutionProperties) = preSolution
		HideSolutionNode = FALSE
	EndGlobalSection
	GlobalSection(ExtensibilityGlobals) = postSolution
		SolutionGuid = {27AC496D-100D-43EB-B5D6-67FDE9E0369E}
	EndGlobalSection
EndGlobal
